// !$*UTF8*$!
{
	archiveVersion = 1;
	classes = {
	};
	objectVersion = 46;
	objects = {

/* Begin PBXBuildFile section */
		7385D6381EB04F1700514A54 /* SoundButton.swift in Sources */ = {isa = PBXBuildFile; fileRef = 7385D6371EB04F1700514A54 /* SoundButton.swift */; };
		73A887301EA93E1E0032AFED /* AppDelegate.swift in Sources */ = {isa = PBXBuildFile; fileRef = 73A8872F1EA93E1E0032AFED /* AppDelegate.swift */; };
		73A887321EA93E1E0032AFED /* ViewController.swift in Sources */ = {isa = PBXBuildFile; fileRef = 73A887311EA93E1E0032AFED /* ViewController.swift */; };
		73A887351EA93E1E0032AFED /* Main.storyboard in Resources */ = {isa = PBXBuildFile; fileRef = 73A887331EA93E1E0032AFED /* Main.storyboard */; };
		73A887381EA93E1E0032AFED /* GroupBoard.xcdatamodeld in Sources */ = {isa = PBXBuildFile; fileRef = 73A887361EA93E1E0032AFED /* GroupBoard.xcdatamodeld */; };
		73A8873A1EA93E1E0032AFED /* Assets.xcassets in Resources */ = {isa = PBXBuildFile; fileRef = 73A887391EA93E1E0032AFED /* Assets.xcassets */; };
		73A8873D1EA93E1E0032AFED /* LaunchScreen.storyboard in Resources */ = {isa = PBXBuildFile; fileRef = 73A8873B1EA93E1E0032AFED /* LaunchScreen.storyboard */; };
		73A887481EA93E1F0032AFED /* GroupBoardTests.swift in Sources */ = {isa = PBXBuildFile; fileRef = 73A887471EA93E1F0032AFED /* GroupBoardTests.swift */; };
		73A887531EA93E1F0032AFED /* GroupBoardUITests.swift in Sources */ = {isa = PBXBuildFile; fileRef = 73A887521EA93E1F0032AFED /* GroupBoardUITests.swift */; };
		73A887611EA94AF70032AFED /* GoogleService-Info.plist in Resources */ = {isa = PBXBuildFile; fileRef = 73A887601EA94AF70032AFED /* GoogleService-Info.plist */; };
		A2BBB909F792A57B8676E048 /* Pods_GroupBoardTests.framework in Frameworks */ = {isa = PBXBuildFile; fileRef = 119785FAD81FAAD5D6178F31 /* Pods_GroupBoardTests.framework */; };
		AEB4F5FEAC41339B3AE1B487 /* Pods_GroupBoard.framework in Frameworks */ = {isa = PBXBuildFile; fileRef = 415A7274A44B17FDF24C8A6B /* Pods_GroupBoard.framework */; };
		F946E334EDFDEA769B01A15F /* Pods_GroupBoardUITests.framework in Frameworks */ = {isa = PBXBuildFile; fileRef = 7708D6D04E667D75FB5305C0 /* Pods_GroupBoardUITests.framework */; };
/* End PBXBuildFile section */

/* Begin PBXContainerItemProxy section */
		73A887441EA93E1F0032AFED /* PBXContainerItemProxy */ = {
			isa = PBXContainerItemProxy;
			containerPortal = 73A887241EA93E1E0032AFED /* Project object */;
			proxyType = 1;
			remoteGlobalIDString = 73A8872B1EA93E1E0032AFED;
			remoteInfo = GroupBoard;
		};
		73A8874F1EA93E1F0032AFED /* PBXContainerItemProxy */ = {
			isa = PBXContainerItemProxy;
			containerPortal = 73A887241EA93E1E0032AFED /* Project object */;
			proxyType = 1;
			remoteGlobalIDString = 73A8872B1EA93E1E0032AFED;
			remoteInfo = GroupBoard;
		};
/* End PBXContainerItemProxy section */

/* Begin PBXFileReference section */
		0DF378026D4C575D7B03FCD0 /* Pods-GroupBoardTests.debug.xcconfig */ = {isa = PBXFileReference; includeInIndex = 1; lastKnownFileType = text.xcconfig; name = "Pods-GroupBoardTests.debug.xcconfig"; path = "Pods/Target Support Files/Pods-GroupBoardTests/Pods-GroupBoardTests.debug.xcconfig"; sourceTree = "<group>"; };
		119785FAD81FAAD5D6178F31 /* Pods_GroupBoardTests.framework */ = {isa = PBXFileReference; explicitFileType = wrapper.framework; includeInIndex = 0; path = Pods_GroupBoardTests.framework; sourceTree = BUILT_PRODUCTS_DIR; };
		13F5048457DE5A70FDFEDE0C /* Pods-GroupBoard.debug.xcconfig */ = {isa = PBXFileReference; includeInIndex = 1; lastKnownFileType = text.xcconfig; name = "Pods-GroupBoard.debug.xcconfig"; path = "Pods/Target Support Files/Pods-GroupBoard/Pods-GroupBoard.debug.xcconfig"; sourceTree = "<group>"; };
		415A7274A44B17FDF24C8A6B /* Pods_GroupBoard.framework */ = {isa = PBXFileReference; explicitFileType = wrapper.framework; includeInIndex = 0; path = Pods_GroupBoard.framework; sourceTree = BUILT_PRODUCTS_DIR; };
		5C92CBEC92A76DAC1AA92630 /* Pods-GroupBoardUITests.release.xcconfig */ = {isa = PBXFileReference; includeInIndex = 1; lastKnownFileType = text.xcconfig; name = "Pods-GroupBoardUITests.release.xcconfig"; path = "Pods/Target Support Files/Pods-GroupBoardUITests/Pods-GroupBoardUITests.release.xcconfig"; sourceTree = "<group>"; };
		7385D6371EB04F1700514A54 /* SoundButton.swift */ = {isa = PBXFileReference; fileEncoding = 4; lastKnownFileType = sourcecode.swift; path = SoundButton.swift; sourceTree = "<group>"; };
		73A8872C1EA93E1E0032AFED /* GroupBoard.app */ = {isa = PBXFileReference; explicitFileType = wrapper.application; includeInIndex = 0; path = GroupBoard.app; sourceTree = BUILT_PRODUCTS_DIR; };
		73A8872F1EA93E1E0032AFED /* AppDelegate.swift */ = {isa = PBXFileReference; lastKnownFileType = sourcecode.swift; path = AppDelegate.swift; sourceTree = "<group>"; };
		73A887311EA93E1E0032AFED /* ViewController.swift */ = {isa = PBXFileReference; lastKnownFileType = sourcecode.swift; path = ViewController.swift; sourceTree = "<group>"; };
		73A887341EA93E1E0032AFED /* Base */ = {isa = PBXFileReference; lastKnownFileType = file.storyboard; name = Base; path = Base.lproj/Main.storyboard; sourceTree = "<group>"; };
		73A887371EA93E1E0032AFED /* GroupBoard.xcdatamodel */ = {isa = PBXFileReference; lastKnownFileType = wrapper.xcdatamodel; path = GroupBoard.xcdatamodel; sourceTree = "<group>"; };
		73A887391EA93E1E0032AFED /* Assets.xcassets */ = {isa = PBXFileReference; lastKnownFileType = folder.assetcatalog; path = Assets.xcassets; sourceTree = "<group>"; };
		73A8873C1EA93E1E0032AFED /* Base */ = {isa = PBXFileReference; lastKnownFileType = file.storyboard; name = Base; path = Base.lproj/LaunchScreen.storyboard; sourceTree = "<group>"; };
		73A8873E1EA93E1E0032AFED /* Info.plist */ = {isa = PBXFileReference; lastKnownFileType = text.plist.xml; path = Info.plist; sourceTree = "<group>"; };
		73A887431EA93E1F0032AFED /* GroupBoardTests.xctest */ = {isa = PBXFileReference; explicitFileType = wrapper.cfbundle; includeInIndex = 0; path = GroupBoardTests.xctest; sourceTree = BUILT_PRODUCTS_DIR; };
		73A887471EA93E1F0032AFED /* GroupBoardTests.swift */ = {isa = PBXFileReference; lastKnownFileType = sourcecode.swift; path = GroupBoardTests.swift; sourceTree = "<group>"; };
		73A887491EA93E1F0032AFED /* Info.plist */ = {isa = PBXFileReference; lastKnownFileType = text.plist.xml; path = Info.plist; sourceTree = "<group>"; };
		73A8874E1EA93E1F0032AFED /* GroupBoardUITests.xctest */ = {isa = PBXFileReference; explicitFileType = wrapper.cfbundle; includeInIndex = 0; path = GroupBoardUITests.xctest; sourceTree = BUILT_PRODUCTS_DIR; };
		73A887521EA93E1F0032AFED /* GroupBoardUITests.swift */ = {isa = PBXFileReference; lastKnownFileType = sourcecode.swift; path = GroupBoardUITests.swift; sourceTree = "<group>"; };
		73A887541EA93E1F0032AFED /* Info.plist */ = {isa = PBXFileReference; lastKnownFileType = text.plist.xml; path = Info.plist; sourceTree = "<group>"; };
		73A887601EA94AF70032AFED /* GoogleService-Info.plist */ = {isa = PBXFileReference; fileEncoding = 4; lastKnownFileType = text.plist.xml; path = "GoogleService-Info.plist"; sourceTree = "<group>"; };
		7664A418A7F229BB5E841DFC /* Pods-GroupBoardTests.release.xcconfig */ = {isa = PBXFileReference; includeInIndex = 1; lastKnownFileType = text.xcconfig; name = "Pods-GroupBoardTests.release.xcconfig"; path = "Pods/Target Support Files/Pods-GroupBoardTests/Pods-GroupBoardTests.release.xcconfig"; sourceTree = "<group>"; };
		7708D6D04E667D75FB5305C0 /* Pods_GroupBoardUITests.framework */ = {isa = PBXFileReference; explicitFileType = wrapper.framework; includeInIndex = 0; path = Pods_GroupBoardUITests.framework; sourceTree = BUILT_PRODUCTS_DIR; };
		85D00D116317D6455F27BC6F /* Pods-GroupBoard.release.xcconfig */ = {isa = PBXFileReference; includeInIndex = 1; lastKnownFileType = text.xcconfig; name = "Pods-GroupBoard.release.xcconfig"; path = "Pods/Target Support Files/Pods-GroupBoard/Pods-GroupBoard.release.xcconfig"; sourceTree = "<group>"; };
		EDEA6D9CE78ADBC41AB74D97 /* Pods-GroupBoardUITests.debug.xcconfig */ = {isa = PBXFileReference; includeInIndex = 1; lastKnownFileType = text.xcconfig; name = "Pods-GroupBoardUITests.debug.xcconfig"; path = "Pods/Target Support Files/Pods-GroupBoardUITests/Pods-GroupBoardUITests.debug.xcconfig"; sourceTree = "<group>"; };
/* End PBXFileReference section */

/* Begin PBXFrameworksBuildPhase section */
		73A887291EA93E1E0032AFED /* Frameworks */ = {
			isa = PBXFrameworksBuildPhase;
			buildActionMask = 2147483647;
			files = (
				AEB4F5FEAC41339B3AE1B487 /* Pods_GroupBoard.framework in Frameworks */,
			);
			runOnlyForDeploymentPostprocessing = 0;
		};
		73A887401EA93E1F0032AFED /* Frameworks */ = {
			isa = PBXFrameworksBuildPhase;
			buildActionMask = 2147483647;
			files = (
				A2BBB909F792A57B8676E048 /* Pods_GroupBoardTests.framework in Frameworks */,
			);
			runOnlyForDeploymentPostprocessing = 0;
		};
		73A8874B1EA93E1F0032AFED /* Frameworks */ = {
			isa = PBXFrameworksBuildPhase;
			buildActionMask = 2147483647;
			files = (
				F946E334EDFDEA769B01A15F /* Pods_GroupBoardUITests.framework in Frameworks */,
			);
			runOnlyForDeploymentPostprocessing = 0;
		};
/* End PBXFrameworksBuildPhase section */

/* Begin PBXGroup section */
		209069B662D195FE5DBC0CE2 /* Pods */ = {
			isa = PBXGroup;
			children = (
				13F5048457DE5A70FDFEDE0C /* Pods-GroupBoard.debug.xcconfig */,
				85D00D116317D6455F27BC6F /* Pods-GroupBoard.release.xcconfig */,
				0DF378026D4C575D7B03FCD0 /* Pods-GroupBoardTests.debug.xcconfig */,
				7664A418A7F229BB5E841DFC /* Pods-GroupBoardTests.release.xcconfig */,
				EDEA6D9CE78ADBC41AB74D97 /* Pods-GroupBoardUITests.debug.xcconfig */,
				5C92CBEC92A76DAC1AA92630 /* Pods-GroupBoardUITests.release.xcconfig */,
			);
			name = Pods;
			sourceTree = "<group>";
		};
		73A887231EA93E1E0032AFED = {
			isa = PBXGroup;
			children = (
				73A8872E1EA93E1E0032AFED /* GroupBoard */,
				73A887461EA93E1F0032AFED /* GroupBoardTests */,
				73A887511EA93E1F0032AFED /* GroupBoardUITests */,
				73A8872D1EA93E1E0032AFED /* Products */,
				209069B662D195FE5DBC0CE2 /* Pods */,
				78696F6DC1AE661AB814C809 /* Frameworks */,
			);
			sourceTree = "<group>";
		};
		73A8872D1EA93E1E0032AFED /* Products */ = {
			isa = PBXGroup;
			children = (
				73A8872C1EA93E1E0032AFED /* GroupBoard.app */,
				73A887431EA93E1F0032AFED /* GroupBoardTests.xctest */,
				73A8874E1EA93E1F0032AFED /* GroupBoardUITests.xctest */,
			);
			name = Products;
			sourceTree = "<group>";
		};
		73A8872E1EA93E1E0032AFED /* GroupBoard */ = {
			isa = PBXGroup;
			children = (
				73A8872F1EA93E1E0032AFED /* AppDelegate.swift */,
				73A887311EA93E1E0032AFED /* ViewController.swift */,
				73A887331EA93E1E0032AFED /* Main.storyboard */,
				7385D6371EB04F1700514A54 /* SoundButton.swift */,
				73A887391EA93E1E0032AFED /* Assets.xcassets */,
				73A8873B1EA93E1E0032AFED /* LaunchScreen.storyboard */,
				73A8873E1EA93E1E0032AFED /* Info.plist */,
				73A887601EA94AF70032AFED /* GoogleService-Info.plist */,
				73A887361EA93E1E0032AFED /* GroupBoard.xcdatamodeld */,
			);
			path = GroupBoard;
			sourceTree = "<group>";
		};
		73A887461EA93E1F0032AFED /* GroupBoardTests */ = {
			isa = PBXGroup;
			children = (
				73A887471EA93E1F0032AFED /* GroupBoardTests.swift */,
				73A887491EA93E1F0032AFED /* Info.plist */,
			);
			path = GroupBoardTests;
			sourceTree = "<group>";
		};
		73A887511EA93E1F0032AFED /* GroupBoardUITests */ = {
			isa = PBXGroup;
			children = (
				73A887521EA93E1F0032AFED /* GroupBoardUITests.swift */,
				73A887541EA93E1F0032AFED /* Info.plist */,
			);
			path = GroupBoardUITests;
			sourceTree = "<group>";
		};
		78696F6DC1AE661AB814C809 /* Frameworks */ = {
			isa = PBXGroup;
			children = (
				415A7274A44B17FDF24C8A6B /* Pods_GroupBoard.framework */,
				119785FAD81FAAD5D6178F31 /* Pods_GroupBoardTests.framework */,
				7708D6D04E667D75FB5305C0 /* Pods_GroupBoardUITests.framework */,
			);
			name = Frameworks;
			sourceTree = "<group>";
		};
/* End PBXGroup section */

/* Begin PBXNativeTarget section */
		73A8872B1EA93E1E0032AFED /* GroupBoard */ = {
			isa = PBXNativeTarget;
			buildConfigurationList = 73A887571EA93E1F0032AFED /* Build configuration list for PBXNativeTarget "GroupBoard" */;
			buildPhases = (
				4B53376CC756BC1DF827B03D /* [CP] Check Pods Manifest.lock */,
				73A887281EA93E1E0032AFED /* Sources */,
				73A887291EA93E1E0032AFED /* Frameworks */,
				73A8872A1EA93E1E0032AFED /* Resources */,
				D76FC9CA400EF0E63AE4AD9D /* [CP] Embed Pods Frameworks */,
				2B98E1B0FD60A3BED6B63F5A /* [CP] Copy Pods Resources */,
			);
			buildRules = (
			);
			dependencies = (
			);
			name = GroupBoard;
			productName = GroupBoard;
			productReference = 73A8872C1EA93E1E0032AFED /* GroupBoard.app */;
			productType = "com.apple.product-type.application";
		};
		73A887421EA93E1F0032AFED /* GroupBoardTests */ = {
			isa = PBXNativeTarget;
			buildConfigurationList = 73A8875A1EA93E1F0032AFED /* Build configuration list for PBXNativeTarget "GroupBoardTests" */;
			buildPhases = (
				EB5E52448C7085A25124524C /* [CP] Check Pods Manifest.lock */,
				73A8873F1EA93E1F0032AFED /* Sources */,
				73A887401EA93E1F0032AFED /* Frameworks */,
				73A887411EA93E1F0032AFED /* Resources */,
				BB376548D7BB09E8A307C754 /* [CP] Embed Pods Frameworks */,
				586789CDD5415B0E118A350D /* [CP] Copy Pods Resources */,
			);
			buildRules = (
			);
			dependencies = (
				73A887451EA93E1F0032AFED /* PBXTargetDependency */,
			);
			name = GroupBoardTests;
			productName = GroupBoardTests;
			productReference = 73A887431EA93E1F0032AFED /* GroupBoardTests.xctest */;
			productType = "com.apple.product-type.bundle.unit-test";
		};
		73A8874D1EA93E1F0032AFED /* GroupBoardUITests */ = {
			isa = PBXNativeTarget;
			buildConfigurationList = 73A8875D1EA93E1F0032AFED /* Build configuration list for PBXNativeTarget "GroupBoardUITests" */;
			buildPhases = (
				3F643853C95F8D70DA6CC479 /* [CP] Check Pods Manifest.lock */,
				73A8874A1EA93E1F0032AFED /* Sources */,
				73A8874B1EA93E1F0032AFED /* Frameworks */,
				73A8874C1EA93E1F0032AFED /* Resources */,
				E06853C9783FB126922C6814 /* [CP] Embed Pods Frameworks */,
				842D94D541759AC818507A20 /* [CP] Copy Pods Resources */,
			);
			buildRules = (
			);
			dependencies = (
				73A887501EA93E1F0032AFED /* PBXTargetDependency */,
			);
			name = GroupBoardUITests;
			productName = GroupBoardUITests;
			productReference = 73A8874E1EA93E1F0032AFED /* GroupBoardUITests.xctest */;
			productType = "com.apple.product-type.bundle.ui-testing";
		};
/* End PBXNativeTarget section */

/* Begin PBXProject section */
		73A887241EA93E1E0032AFED /* Project object */ = {
			isa = PBXProject;
			attributes = {
				LastSwiftUpdateCheck = 0820;
				LastUpgradeCheck = 0820;
				ORGANIZATIONNAME = edu.upenn.seas.cis195;
				TargetAttributes = {
					73A8872B1EA93E1E0032AFED = {
						CreatedOnToolsVersion = 8.2.1;
						DevelopmentTeam = 6V7Q2B6R9G;
						ProvisioningStyle = Automatic;
					};
					73A887421EA93E1F0032AFED = {
						CreatedOnToolsVersion = 8.2.1;
						DevelopmentTeam = 6V7Q2B6R9G;
						ProvisioningStyle = Automatic;
						TestTargetID = 73A8872B1EA93E1E0032AFED;
					};
					73A8874D1EA93E1F0032AFED = {
						CreatedOnToolsVersion = 8.2.1;
						DevelopmentTeam = 6V7Q2B6R9G;
						ProvisioningStyle = Automatic;
						TestTargetID = 73A8872B1EA93E1E0032AFED;
					};
				};
			};
			buildConfigurationList = 73A887271EA93E1E0032AFED /* Build configuration list for PBXProject "GroupBoard" */;
			compatibilityVersion = "Xcode 3.2";
			developmentRegion = English;
			hasScannedForEncodings = 0;
			knownRegions = (
				en,
				Base,
			);
			mainGroup = 73A887231EA93E1E0032AFED;
			productRefGroup = 73A8872D1EA93E1E0032AFED /* Products */;
			projectDirPath = "";
			projectRoot = "";
			targets = (
				73A8872B1EA93E1E0032AFED /* GroupBoard */,
				73A887421EA93E1F0032AFED /* GroupBoardTests */,
				73A8874D1EA93E1F0032AFED /* GroupBoardUITests */,
			);
		};
/* End PBXProject section */

/* Begin PBXResourcesBuildPhase section */
		73A8872A1EA93E1E0032AFED /* Resources */ = {
			isa = PBXResourcesBuildPhase;
			buildActionMask = 2147483647;
			files = (
				73A887611EA94AF70032AFED /* GoogleService-Info.plist in Resources */,
				73A8873D1EA93E1E0032AFED /* LaunchScreen.storyboard in Resources */,
				73A8873A1EA93E1E0032AFED /* Assets.xcassets in Resources */,
				73A887351EA93E1E0032AFED /* Main.storyboard in Resources */,
			);
			runOnlyForDeploymentPostprocessing = 0;
		};
		73A887411EA93E1F0032AFED /* Resources */ = {
			isa = PBXResourcesBuildPhase;
			buildActionMask = 2147483647;
			files = (
			);
			runOnlyForDeploymentPostprocessing = 0;
		};
		73A8874C1EA93E1F0032AFED /* Resources */ = {
			isa = PBXResourcesBuildPhase;
			buildActionMask = 2147483647;
			files = (
			);
			runOnlyForDeploymentPostprocessing = 0;
		};
/* End PBXResourcesBuildPhase section */

/* Begin PBXShellScriptBuildPhase section */
		2B98E1B0FD60A3BED6B63F5A /* [CP] Copy Pods Resources */ = {
			isa = PBXShellScriptBuildPhase;
			buildActionMask = 2147483647;
			files = (
			);
			inputPaths = (
			);
			name = "[CP] Copy Pods Resources";
			outputPaths = (
			);
			runOnlyForDeploymentPostprocessing = 0;
			shellPath = /bin/sh;
			shellScript = "\"${SRCROOT}/Pods/Target Support Files/Pods-GroupBoard/Pods-GroupBoard-resources.sh\"\n";
			showEnvVarsInLog = 0;
		};
		3F643853C95F8D70DA6CC479 /* [CP] Check Pods Manifest.lock */ = {
			isa = PBXShellScriptBuildPhase;
			buildActionMask = 2147483647;
			files = (
			);
			inputPaths = (
			);
			name = "[CP] Check Pods Manifest.lock";
			outputPaths = (
			);
			runOnlyForDeploymentPostprocessing = 0;
			shellPath = /bin/sh;
			shellScript = "diff \"${PODS_ROOT}/../Podfile.lock\" \"${PODS_ROOT}/Manifest.lock\" > /dev/null\nif [ $? != 0 ] ; then\n    # print error to STDERR\n    echo \"error: The sandbox is not in sync with the Podfile.lock. Run 'pod install' or update your CocoaPods installation.\" >&2\n    exit 1\nfi\n";
			showEnvVarsInLog = 0;
		};
		4B53376CC756BC1DF827B03D /* [CP] Check Pods Manifest.lock */ = {
			isa = PBXShellScriptBuildPhase;
			buildActionMask = 2147483647;
			files = (
			);
			inputPaths = (
			);
			name = "[CP] Check Pods Manifest.lock";
			outputPaths = (
			);
			runOnlyForDeploymentPostprocessing = 0;
			shellPath = /bin/sh;
			shellScript = "diff \"${PODS_ROOT}/../Podfile.lock\" \"${PODS_ROOT}/Manifest.lock\" > /dev/null\nif [ $? != 0 ] ; then\n    # print error to STDERR\n    echo \"error: The sandbox is not in sync with the Podfile.lock. Run 'pod install' or update your CocoaPods installation.\" >&2\n    exit 1\nfi\n";
			showEnvVarsInLog = 0;
		};
		586789CDD5415B0E118A350D /* [CP] Copy Pods Resources */ = {
			isa = PBXShellScriptBuildPhase;
			buildActionMask = 2147483647;
			files = (
			);
			inputPaths = (
			);
			name = "[CP] Copy Pods Resources";
			outputPaths = (
			);
			runOnlyForDeploymentPostprocessing = 0;
			shellPath = /bin/sh;
			shellScript = "\"${SRCROOT}/Pods/Target Support Files/Pods-GroupBoardTests/Pods-GroupBoardTests-resources.sh\"\n";
			showEnvVarsInLog = 0;
		};
		842D94D541759AC818507A20 /* [CP] Copy Pods Resources */ = {
			isa = PBXShellScriptBuildPhase;
			buildActionMask = 2147483647;
			files = (
			);
			inputPaths = (
			);
			name = "[CP] Copy Pods Resources";
			outputPaths = (
			);
			runOnlyForDeploymentPostprocessing = 0;
			shellPath = /bin/sh;
			shellScript = "\"${SRCROOT}/Pods/Target Support Files/Pods-GroupBoardUITests/Pods-GroupBoardUITests-resources.sh\"\n";
			showEnvVarsInLog = 0;
		};
		BB376548D7BB09E8A307C754 /* [CP] Embed Pods Frameworks */ = {
			isa = PBXShellScriptBuildPhase;
			buildActionMask = 2147483647;
			files = (
			);
			inputPaths = (
			);
			name = "[CP] Embed Pods Frameworks";
			outputPaths = (
			);
			runOnlyForDeploymentPostprocessing = 0;
			shellPath = /bin/sh;
			shellScript = "\"${SRCROOT}/Pods/Target Support Files/Pods-GroupBoardTests/Pods-GroupBoardTests-frameworks.sh\"\n";
			showEnvVarsInLog = 0;
		};
		D76FC9CA400EF0E63AE4AD9D /* [CP] Embed Pods Frameworks */ = {
			isa = PBXShellScriptBuildPhase;
			buildActionMask = 2147483647;
			files = (
			);
			inputPaths = (
			);
			name = "[CP] Embed Pods Frameworks";
			outputPaths = (
			);
			runOnlyForDeploymentPostprocessing = 0;
			shellPath = /bin/sh;
			shellScript = "\"${SRCROOT}/Pods/Target Support Files/Pods-GroupBoard/Pods-GroupBoard-frameworks.sh\"\n";
			showEnvVarsInLog = 0;
		};
		E06853C9783FB126922C6814 /* [CP] Embed Pods Frameworks */ = {
			isa = PBXShellScriptBuildPhase;
			buildActionMask = 2147483647;
			files = (
			);
			inputPaths = (
			);
			name = "[CP] Embed Pods Frameworks";
			outputPaths = (
			);
			runOnlyForDeploymentPostprocessing = 0;
			shellPath = /bin/sh;
			shellScript = "\"${SRCROOT}/Pods/Target Support Files/Pods-GroupBoardUITests/Pods-GroupBoardUITests-frameworks.sh\"\n";
			showEnvVarsInLog = 0;
		};
		EB5E52448C7085A25124524C /* [CP] Check Pods Manifest.lock */ = {
			isa = PBXShellScriptBuildPhase;
			buildActionMask = 2147483647;
			files = (
			);
			inputPaths = (
			);
			name = "[CP] Check Pods Manifest.lock";
			outputPaths = (
			);
			runOnlyForDeploymentPostprocessing = 0;
			shellPath = /bin/sh;
			shellScript = "diff \"${PODS_ROOT}/../Podfile.lock\" \"${PODS_ROOT}/Manifest.lock\" > /dev/null\nif [ $? != 0 ] ; then\n    # print error to STDERR\n    echo \"error: The sandbox is not in sync with the Podfile.lock. Run 'pod install' or update your CocoaPods installation.\" >&2\n    exit 1\nfi\n";
			showEnvVarsInLog = 0;
		};
/* End PBXShellScriptBuildPhase section */

/* Begin PBXSourcesBuildPhase section */
		73A887281EA93E1E0032AFED /* Sources */ = {
			isa = PBXSourcesBuildPhase;
			buildActionMask = 2147483647;
			files = (
				73A887381EA93E1E0032AFED /* GroupBoard.xcdatamodeld in Sources */,
				7385D6381EB04F1700514A54 /* SoundButton.swift in Sources */,
				73A887321EA93E1E0032AFED /* ViewController.swift in Sources */,
				73A887301EA93E1E0032AFED /* AppDelegate.swift in Sources */,
			);
			runOnlyForDeploymentPostprocessing = 0;
		};
		73A8873F1EA93E1F0032AFED /* Sources */ = {
			isa = PBXSourcesBuildPhase;
			buildActionMask = 2147483647;
			files = (
				73A887481EA93E1F0032AFED /* GroupBoardTests.swift in Sources */,
			);
			runOnlyForDeploymentPostprocessing = 0;
		};
		73A8874A1EA93E1F0032AFED /* Sources */ = {
			isa = PBXSourcesBuildPhase;
			buildActionMask = 2147483647;
			files = (
				73A887531EA93E1F0032AFED /* GroupBoardUITests.swift in Sources */,
			);
			runOnlyForDeploymentPostprocessing = 0;
		};
/* End PBXSourcesBuildPhase section */

/* Begin PBXTargetDependency section */
		73A887451EA93E1F0032AFED /* PBXTargetDependency */ = {
			isa = PBXTargetDependency;
			target = 73A8872B1EA93E1E0032AFED /* GroupBoard */;
			targetProxy = 73A887441EA93E1F0032AFED /* PBXContainerItemProxy */;
		};
		73A887501EA93E1F0032AFED /* PBXTargetDependency */ = {
			isa = PBXTargetDependency;
			target = 73A8872B1EA93E1E0032AFED /* GroupBoard */;
			targetProxy = 73A8874F1EA93E1F0032AFED /* PBXContainerItemProxy */;
		};
/* End PBXTargetDependency section */

/* Begin PBXVariantGroup section */
		73A887331EA93E1E0032AFED /* Main.storyboard */ = {
			isa = PBXVariantGroup;
			children = (
				73A887341EA93E1E0032AFED /* Base */,
			);
			name = Main.storyboard;
			sourceTree = "<group>";
		};
		73A8873B1EA93E1E0032AFED /* LaunchScreen.storyboard */ = {
			isa = PBXVariantGroup;
			children = (
				73A8873C1EA93E1E0032AFED /* Base */,
			);
			name = LaunchScreen.storyboard;
			sourceTree = "<group>";
		};
/* End PBXVariantGroup section */

/* Begin XCBuildConfiguration section */
		73A887551EA93E1F0032AFED /* Debug */ = {
			isa = XCBuildConfiguration;
			buildSettings = {
				ALWAYS_SEARCH_USER_PATHS = NO;
				CLANG_ANALYZER_NONNULL = YES;
				CLANG_CXX_LANGUAGE_STANDARD = "gnu++0x";
				CLANG_CXX_LIBRARY = "libc++";
				CLANG_ENABLE_MODULES = YES;
				CLANG_ENABLE_OBJC_ARC = YES;
				CLANG_WARN_BOOL_CONVERSION = YES;
				CLANG_WARN_CONSTANT_CONVERSION = YES;
				CLANG_WARN_DIRECT_OBJC_ISA_USAGE = YES_ERROR;
				CLANG_WARN_DOCUMENTATION_COMMENTS = YES;
				CLANG_WARN_EMPTY_BODY = YES;
				CLANG_WARN_ENUM_CONVERSION = YES;
				CLANG_WARN_INFINITE_RECURSION = YES;
				CLANG_WARN_INT_CONVERSION = YES;
				CLANG_WARN_OBJC_ROOT_CLASS = YES_ERROR;
				CLANG_WARN_SUSPICIOUS_MOVE = YES;
				CLANG_WARN_UNREACHABLE_CODE = YES;
				CLANG_WARN__DUPLICATE_METHOD_MATCH = YES;
				"CODE_SIGN_IDENTITY[sdk=iphoneos*]" = "iPhone Developer";
				COPY_PHASE_STRIP = NO;
				DEBUG_INFORMATION_FORMAT = dwarf;
				ENABLE_STRICT_OBJC_MSGSEND = YES;
				ENABLE_TESTABILITY = YES;
				GCC_C_LANGUAGE_STANDARD = gnu99;
				GCC_DYNAMIC_NO_PIC = NO;
				GCC_NO_COMMON_BLOCKS = YES;
				GCC_OPTIMIZATION_LEVEL = 0;
				GCC_PREPROCESSOR_DEFINITIONS = (
					"DEBUG=1",
					"$(inherited)",
				);
				GCC_WARN_64_TO_32_BIT_CONVERSION = YES;
				GCC_WARN_ABOUT_RETURN_TYPE = YES_ERROR;
				GCC_WARN_UNDECLARED_SELECTOR = YES;
				GCC_WARN_UNINITIALIZED_AUTOS = YES_AGGRESSIVE;
				GCC_WARN_UNUSED_FUNCTION = YES;
				GCC_WARN_UNUSED_VARIABLE = YES;
				IPHONEOS_DEPLOYMENT_TARGET = 10.2;
				MTL_ENABLE_DEBUG_INFO = YES;
				ONLY_ACTIVE_ARCH = YES;
				SDKROOT = iphoneos;
				SWIFT_ACTIVE_COMPILATION_CONDITIONS = DEBUG;
				SWIFT_OPTIMIZATION_LEVEL = "-Onone";
				TARGETED_DEVICE_FAMILY = "1,2";
			};
			name = Debug;
		};
		73A887561EA93E1F0032AFED /* Release */ = {
			isa = XCBuildConfiguration;
			buildSettings = {
				ALWAYS_SEARCH_USER_PATHS = NO;
				CLANG_ANALYZER_NONNULL = YES;
				CLANG_CXX_LANGUAGE_STANDARD = "gnu++0x";
				CLANG_CXX_LIBRARY = "libc++";
				CLANG_ENABLE_MODULES = YES;
				CLANG_ENABLE_OBJC_ARC = YES;
				CLANG_WARN_BOOL_CONVERSION = YES;
				CLANG_WARN_CONSTANT_CONVERSION = YES;
				CLANG_WARN_DIRECT_OBJC_ISA_USAGE = YES_ERROR;
				CLANG_WARN_DOCUMENTATION_COMMENTS = YES;
				CLANG_WARN_EMPTY_BODY = YES;
				CLANG_WARN_ENUM_CONVERSION = YES;
				CLANG_WARN_INFINITE_RECURSION = YES;
				CLANG_WARN_INT_CONVERSION = YES;
				CLANG_WARN_OBJC_ROOT_CLASS = YES_ERROR;
				CLANG_WARN_SUSPICIOUS_MOVE = YES;
				CLANG_WARN_UNREACHABLE_CODE = YES;
				CLANG_WARN__DUPLICATE_METHOD_MATCH = YES;
				"CODE_SIGN_IDENTITY[sdk=iphoneos*]" = "iPhone Developer";
				COPY_PHASE_STRIP = NO;
				DEBUG_INFORMATION_FORMAT = "dwarf-with-dsym";
				ENABLE_NS_ASSERTIONS = NO;
				ENABLE_STRICT_OBJC_MSGSEND = YES;
				GCC_C_LANGUAGE_STANDARD = gnu99;
				GCC_NO_COMMON_BLOCKS = YES;
				GCC_WARN_64_TO_32_BIT_CONVERSION = YES;
				GCC_WARN_ABOUT_RETURN_TYPE = YES_ERROR;
				GCC_WARN_UNDECLARED_SELECTOR = YES;
				GCC_WARN_UNINITIALIZED_AUTOS = YES_AGGRESSIVE;
				GCC_WARN_UNUSED_FUNCTION = YES;
				GCC_WARN_UNUSED_VARIABLE = YES;
				IPHONEOS_DEPLOYMENT_TARGET = 10.2;
				MTL_ENABLE_DEBUG_INFO = NO;
				SDKROOT = iphoneos;
				SWIFT_OPTIMIZATION_LEVEL = "-Owholemodule";
				TARGETED_DEVICE_FAMILY = "1,2";
				VALIDATE_PRODUCT = YES;
			};
			name = Release;
		};
		73A887581EA93E1F0032AFED /* Debug */ = {
			isa = XCBuildConfiguration;
			baseConfigurationReference = 13F5048457DE5A70FDFEDE0C /* Pods-GroupBoard.debug.xcconfig */;
			buildSettings = {
				ASSETCATALOG_COMPILER_APPICON_NAME = AppIcon;
				DEVELOPMENT_TEAM = 6V7Q2B6R9G;
				INFOPLIST_FILE = GroupBoard/Info.plist;
				LD_RUNPATH_SEARCH_PATHS = "$(inherited) @executable_path/Frameworks";
				PRODUCT_BUNDLE_IDENTIFIER = com.cis195.GroupBoard;
				PRODUCT_NAME = "$(TARGET_NAME)";
				SWIFT_VERSION = 3.0;
			};
			name = Debug;
		};
		73A887591EA93E1F0032AFED /* Release */ = {
			isa = XCBuildConfiguration;
			baseConfigurationReference = 85D00D116317D6455F27BC6F /* Pods-GroupBoard.release.xcconfig */;
			buildSettings = {
				ASSETCATALOG_COMPILER_APPICON_NAME = AppIcon;
				DEVELOPMENT_TEAM = 6V7Q2B6R9G;
				INFOPLIST_FILE = GroupBoard/Info.plist;
				LD_RUNPATH_SEARCH_PATHS = "$(inherited) @executable_path/Frameworks";
				PRODUCT_BUNDLE_IDENTIFIER = com.cis195.GroupBoard;
				PRODUCT_NAME = "$(TARGET_NAME)";
				SWIFT_VERSION = 3.0;
			};
			name = Release;
		};
		73A8875B1EA93E1F0032AFED /* Debug */ = {
			isa = XCBuildConfiguration;
			baseConfigurationReference = 0DF378026D4C575D7B03FCD0 /* Pods-GroupBoardTests.debug.xcconfig */;
			buildSettings = {
				ALWAYS_EMBED_SWIFT_STANDARD_LIBRARIES = YES;
				BUNDLE_LOADER = "$(TEST_HOST)";
				DEVELOPMENT_TEAM = 6V7Q2B6R9G;
				INFOPLIST_FILE = GroupBoardTests/Info.plist;
				LD_RUNPATH_SEARCH_PATHS = "$(inherited) @executable_path/Frameworks @loader_path/Frameworks";
				PRODUCT_BUNDLE_IDENTIFIER = com.cis195.GroupBoardTests;
				PRODUCT_NAME = "$(TARGET_NAME)";
				SWIFT_VERSION = 3.0;
				TEST_HOST = "$(BUILT_PRODUCTS_DIR)/GroupBoard.app/GroupBoard";
			};
			name = Debug;
		};
		73A8875C1EA93E1F0032AFED /* Release */ = {
			isa = XCBuildConfiguration;
			baseConfigurationReference = 7664A418A7F229BB5E841DFC /* Pods-GroupBoardTests.release.xcconfig */;
			buildSettings = {
				ALWAYS_EMBED_SWIFT_STANDARD_LIBRARIES = YES;
				BUNDLE_LOADER = "$(TEST_HOST)";
				DEVELOPMENT_TEAM = 6V7Q2B6R9G;
				INFOPLIST_FILE = GroupBoardTests/Info.plist;
				LD_RUNPATH_SEARCH_PATHS = "$(inherited) @executable_path/Frameworks @loader_path/Frameworks";
				PRODUCT_BUNDLE_IDENTIFIER = com.cis195.GroupBoardTests;
				PRODUCT_NAME = "$(TARGET_NAME)";
				SWIFT_VERSION = 3.0;
				TEST_HOST = "$(BUILT_PRODUCTS_DIR)/GroupBoard.app/GroupBoard";
			};
			name = Release;
		};
		73A8875E1EA93E1F0032AFED /* Debug */ = {
			isa = XCBuildConfiguration;
			baseConfigurationReference = EDEA6D9CE78ADBC41AB74D97 /* Pods-GroupBoardUITests.debug.xcconfig */;
			buildSettings = {
				ALWAYS_EMBED_SWIFT_STANDARD_LIBRARIES = YES;
				DEVELOPMENT_TEAM = 6V7Q2B6R9G;
				INFOPLIST_FILE = GroupBoardUITests/Info.plist;
				LD_RUNPATH_SEARCH_PATHS = "$(inherited) @executable_path/Frameworks @loader_path/Frameworks";
				PRODUCT_BUNDLE_IDENTIFIER = com.cis195.GroupBoardUITests;
				PRODUCT_NAME = "$(TARGET_NAME)";
				SWIFT_VERSION = 3.0;
				TEST_TARGET_NAME = GroupBoard;
			};
			name = Debug;
		};
		73A8875F1EA93E1F0032AFED /* Release */ = {
			isa = XCBuildConfiguration;
			baseConfigurationReference = 5C92CBEC92A76DAC1AA92630 /* Pods-GroupBoardUITests.release.xcconfig */;
			buildSettings = {
				ALWAYS_EMBED_SWIFT_STANDARD_LIBRARIES = YES;
				DEVELOPMENT_TEAM = 6V7Q2B6R9G;
				INFOPLIST_FILE = GroupBoardUITests/Info.plist;
				LD_RUNPATH_SEARCH_PATHS = "$(inherited) @executable_path/Frameworks @loader_path/Frameworks";
				PRODUCT_BUNDLE_IDENTIFIER = com.cis195.GroupBoardUITests;
				PRODUCT_NAME = "$(TARGET_NAME)";
				SWIFT_VERSION = 3.0;
				TEST_TARGET_NAME = GroupBoard;
			};
			name = Release;
		};
/* End XCBuildConfiguration section */

/* Begin XCConfigurationList section */
		73A887271EA93E1E0032AFED /* Build configuration list for PBXProject "GroupBoard" */ = {
			isa = XCConfigurationList;
			buildConfigurations = (
				73A887551EA93E1F0032AFED /* Debug */,
				73A887561EA93E1F0032AFED /* Release */,
			);
			defaultConfigurationIsVisible = 0;
			defaultConfigurationName = Release;
		};
		73A887571EA93E1F0032AFED /* Build configuration list for PBXNativeTarget "GroupBoard" */ = {
			isa = XCConfigurationList;
			buildConfigurations = (
				73A887581EA93E1F0032AFED /* Debug */,
				73A887591EA93E1F0032AFED /* Release */,
			);
			defaultConfigurationIsVisible = 0;
			defaultConfigurationName = Release;
		};
		73A8875A1EA93E1F0032AFED /* Build configuration list for PBXNativeTarget "GroupBoardTests" */ = {
			isa = XCConfigurationList;
			buildConfigurations = (
				73A8875B1EA93E1F0032AFED /* Debug */,
				73A8875C1EA93E1F0032AFED /* Release */,
			);
			defaultConfigurationIsVisible = 0;
			defaultConfigurationName = Release;
		};
		73A8875D1EA93E1F0032AFED /* Build configuration list for PBXNativeTarget "GroupBoardUITests" */ = {
			isa = XCConfigurationList;
			buildConfigurations = (
				73A8875E1EA93E1F0032AFED /* Debug */,
				73A8875F1EA93E1F0032AFED /* Release */,
			);
			defaultConfigurationIsVisible = 0;
			defaultConfigurationName = Release;
		};
/* End XCConfigurationList section */

/* Begin XCVersionGroup section */
		73A887361EA93E1E0032AFED /* GroupBoard.xcdatamodeld */ = {
			isa = XCVersionGroup;
			children = (
				73A887371EA93E1E0032AFED /* GroupBoard.xcdatamodel */,
			);
			currentVersion = 73A887371EA93E1E0032AFED /* GroupBoard.xcdatamodel */;
			path = GroupBoard.xcdatamodeld;
			sourceTree = "<group>";
			versionGroupType = wrapper.xcdatamodel;
		};
/* End XCVersionGroup section */
	};
	rootObject = 73A887241EA93E1E0032AFED /* Project object */;
}
